github.com/LiamHaworth/go-tproxy v0.0.0-20190726054950-ef7efd7f24ed h1:eqa6queieK8SvoszxCu0WwH7lSVeL4/N/f1JwOMw1G4=
github.com/LiamHaworth/go-tproxy v0.0.0-20190726054950-ef7efd7f24ed/go.mod h1:rA52xkgZwql9LRZXWb2arHEFP6qSR48KY2xOfWzEciQ=
golang.org/x/sys v0.25.0 h1:r+8e+loiHxRqhXVl6ML1nO3l1+oFoWbnlu2Ehimmi34=
golang.org/x/sys v0.25.0/go.mod h1:/VUhepiaJMQUp4+oa/7Zr1D23ma6VTLIYjOOTFZPUcA=
